// !$*UTF8*$!
{
	archiveVersion = 1;
	classes = {
	};
	objectVersion = 46;
	objects = {

/* Begin PBXBuildFile section */
		6E0942641DE0B02800F770B7 /* AppDelegate.swift in Sources */ = {isa = PBXBuildFile; fileRef = 6E0942631DE0B02800F770B7 /* AppDelegate.swift */; };
		6E0942661DE0B02800F770B7 /* LoadViewController.swift in Sources */ = {isa = PBXBuildFile; fileRef = 6E0942651DE0B02800F770B7 /* LoadViewController.swift */; };
		6E0942691DE0B02800F770B7 /* Main.storyboard in Resources */ = {isa = PBXBuildFile; fileRef = 6E0942671DE0B02800F770B7 /* Main.storyboard */; };
		6E09426C1DE0B02800F770B7 /* JPMC_BranchLocator.xcdatamodeld in Sources */ = {isa = PBXBuildFile; fileRef = 6E09426A1DE0B02800F770B7 /* JPMC_BranchLocator.xcdatamodeld */; };
		6E09426E1DE0B02800F770B7 /* Assets.xcassets in Resources */ = {isa = PBXBuildFile; fileRef = 6E09426D1DE0B02800F770B7 /* Assets.xcassets */; };
		6E0942711DE0B02800F770B7 /* LaunchScreen.storyboard in Resources */ = {isa = PBXBuildFile; fileRef = 6E09426F1DE0B02800F770B7 /* LaunchScreen.storyboard */; };
		6E09427B1DE0B7CE00F770B7 /* MapViewController.swift in Sources */ = {isa = PBXBuildFile; fileRef = 6E09427A1DE0B7CE00F770B7 /* MapViewController.swift */; };
		6E09427F1DE0BFB100F770B7 /* Constants.swift in Sources */ = {isa = PBXBuildFile; fileRef = 6E09427E1DE0BFB100F770B7 /* Constants.swift */; };
		6E0942831DE0CD1000F770B7 /* LocationModel.swift in Sources */ = {isa = PBXBuildFile; fileRef = 6E0942821DE0CD1000F770B7 /* LocationModel.swift */; };
		6E0942851DE0CD2500F770B7 /* AnnotationModel.swift in Sources */ = {isa = PBXBuildFile; fileRef = 6E0942841DE0CD2500F770B7 /* AnnotationModel.swift */; };
		6EDF311E1DE0FB4500071BF9 /* DetailViewController.swift in Sources */ = {isa = PBXBuildFile; fileRef = 6EDF311D1DE0FB4500071BF9 /* DetailViewController.swift */; };
/* End PBXBuildFile section */

/* Begin PBXFileReference section */
		6E0942601DE0B02800F770B7 /* JPMC_BranchLocator.app */ = {isa = PBXFileReference; explicitFileType = wrapper.application; includeInIndex = 0; path = JPMC_BranchLocator.app; sourceTree = BUILT_PRODUCTS_DIR; };
		6E0942631DE0B02800F770B7 /* AppDelegate.swift */ = {isa = PBXFileReference; lastKnownFileType = sourcecode.swift; path = AppDelegate.swift; sourceTree = "<group>"; };
		6E0942651DE0B02800F770B7 /* LoadViewController.swift */ = {isa = PBXFileReference; lastKnownFileType = sourcecode.swift; path = LoadViewController.swift; sourceTree = "<group>"; };
		6E0942681DE0B02800F770B7 /* Base */ = {isa = PBXFileReference; lastKnownFileType = file.storyboard; name = Base; path = Base.lproj/Main.storyboard; sourceTree = "<group>"; };
		6E09426B1DE0B02800F770B7 /* JPMC_BranchLocator.xcdatamodel */ = {isa = PBXFileReference; lastKnownFileType = wrapper.xcdatamodel; path = JPMC_BranchLocator.xcdatamodel; sourceTree = "<group>"; };
		6E09426D1DE0B02800F770B7 /* Assets.xcassets */ = {isa = PBXFileReference; lastKnownFileType = folder.assetcatalog; path = Assets.xcassets; sourceTree = "<group>"; };
		6E0942701DE0B02800F770B7 /* Base */ = {isa = PBXFileReference; lastKnownFileType = file.storyboard; name = Base; path = Base.lproj/LaunchScreen.storyboard; sourceTree = "<group>"; };
		6E0942721DE0B02800F770B7 /* Info.plist */ = {isa = PBXFileReference; lastKnownFileType = text.plist.xml; path = Info.plist; sourceTree = "<group>"; };
		6E09427A1DE0B7CE00F770B7 /* MapViewController.swift */ = {isa = PBXFileReference; fileEncoding = 4; lastKnownFileType = sourcecode.swift; path = MapViewController.swift; sourceTree = "<group>"; };
		6E09427E1DE0BFB100F770B7 /* Constants.swift */ = {isa = PBXFileReference; fileEncoding = 4; lastKnownFileType = sourcecode.swift; path = Constants.swift; sourceTree = "<group>"; };
		6E0942821DE0CD1000F770B7 /* LocationModel.swift */ = {isa = PBXFileReference; fileEncoding = 4; lastKnownFileType = sourcecode.swift; path = LocationModel.swift; sourceTree = "<group>"; };
		6E0942841DE0CD2500F770B7 /* AnnotationModel.swift */ = {isa = PBXFileReference; fileEncoding = 4; lastKnownFileType = sourcecode.swift; path = AnnotationModel.swift; sourceTree = "<group>"; };
		6EDF311D1DE0FB4500071BF9 /* DetailViewController.swift */ = {isa = PBXFileReference; fileEncoding = 4; lastKnownFileType = sourcecode.swift; path = DetailViewController.swift; sourceTree = "<group>"; };
/* End PBXFileReference section */

/* Begin PBXFrameworksBuildPhase section */
		6E09425D1DE0B02800F770B7 /* Frameworks */ = {
			isa = PBXFrameworksBuildPhase;
			buildActionMask = 2147483647;
			files = (
			);
			runOnlyForDeploymentPostprocessing = 0;
		};
/* End PBXFrameworksBuildPhase section */

/* Begin PBXGroup section */
		6E0942571DE0B02800F770B7 = {
			isa = PBXGroup;
			children = (
				6E0942621DE0B02800F770B7 /* JPMC_BranchLocator */,
				6E0942611DE0B02800F770B7 /* Products */,
			);
			sourceTree = "<group>";
		};
		6E0942611DE0B02800F770B7 /* Products */ = {
			isa = PBXGroup;
			children = (
				6E0942601DE0B02800F770B7 /* JPMC_BranchLocator.app */,
			);
			name = Products;
			sourceTree = "<group>";
		};
		6E0942621DE0B02800F770B7 /* JPMC_BranchLocator */ = {
			isa = PBXGroup;
			children = (
				6E09427D1DE0BF9A00F770B7 /* Utilities */,
				6E0942791DE0B77D00F770B7 /* Models */,
				6E0942781DE0B74B00F770B7 /* ViewControllers */,
				6E0942671DE0B02800F770B7 /* Main.storyboard */,
				6E0942631DE0B02800F770B7 /* AppDelegate.swift */,
				6E09426D1DE0B02800F770B7 /* Assets.xcassets */,
				6E09426F1DE0B02800F770B7 /* LaunchScreen.storyboard */,
				6E0942721DE0B02800F770B7 /* Info.plist */,
				6E09426A1DE0B02800F770B7 /* JPMC_BranchLocator.xcdatamodeld */,
			);
			path = JPMC_BranchLocator;
			sourceTree = "<group>";
		};
		6E0942781DE0B74B00F770B7 /* ViewControllers */ = {
			isa = PBXGroup;
			children = (
				6E0942651DE0B02800F770B7 /* LoadViewController.swift */,
				6E09427A1DE0B7CE00F770B7 /* MapViewController.swift */,
				6EDF311D1DE0FB4500071BF9 /* DetailViewController.swift */,
			);
			name = ViewControllers;
			sourceTree = "<group>";
		};
		6E0942791DE0B77D00F770B7 /* Models */ = {
			isa = PBXGroup;
			children = (
				6E0942821DE0CD1000F770B7 /* LocationModel.swift */,
				6E0942841DE0CD2500F770B7 /* AnnotationModel.swift */,
			);
			name = Models;
			sourceTree = "<group>";
		};
		6E09427D1DE0BF9A00F770B7 /* Utilities */ = {
			isa = PBXGroup;
			children = (
				6E09427E1DE0BFB100F770B7 /* Constants.swift */,
			);
			name = Utilities;
			sourceTree = "<group>";
		};
/* End PBXGroup section */

/* Begin PBXNativeTarget section */
		6E09425F1DE0B02800F770B7 /* JPMC_BranchLocator */ = {
			isa = PBXNativeTarget;
			buildConfigurationList = 6E0942751DE0B02800F770B7 /* Build configuration list for PBXNativeTarget "JPMC_BranchLocator" */;
			buildPhases = (
				6E09425C1DE0B02800F770B7 /* Sources */,
				6E09425D1DE0B02800F770B7 /* Frameworks */,
				6E09425E1DE0B02800F770B7 /* Resources */,
			);
			buildRules = (
			);
			dependencies = (
			);
			name = JPMC_BranchLocator;
			productName = JPMC_BranchLocator;
			productReference = 6E0942601DE0B02800F770B7 /* JPMC_BranchLocator.app */;
			productType = "com.apple.product-type.application";
		};
/* End PBXNativeTarget section */

/* Begin PBXProject section */
		6E0942581DE0B02800F770B7 /* Project object */ = {
			isa = PBXProject;
			attributes = {
				LastSwiftUpdateCheck = 0800;
				LastUpgradeCheck = 0800;
				ORGANIZATIONNAME = srikanth;
				TargetAttributes = {
					6E09425F1DE0B02800F770B7 = {
						CreatedOnToolsVersion = 8.0;
						ProvisioningStyle = Automatic;
					};
				};
			};
			buildConfigurationList = 6E09425B1DE0B02800F770B7 /* Build configuration list for PBXProject "JPMC_BranchLocator" */;
			compatibilityVersion = "Xcode 3.2";
			developmentRegion = English;
			hasScannedForEncodings = 0;
			knownRegions = (
				en,
				Base,
			);
			mainGroup = 6E0942571DE0B02800F770B7;
			productRefGroup = 6E0942611DE0B02800F770B7 /* Products */;
			projectDirPath = "";
			projectRoot = "";
			targets = (
				6E09425F1DE0B02800F770B7 /* JPMC_BranchLocator */,
			);
		};
/* End PBXProject section */

/* Begin PBXResourcesBuildPhase section */
		6E09425E1DE0B02800F770B7 /* Resources */ = {
			isa = PBXResourcesBuildPhase;
			buildActionMask = 2147483647;
			files = (
				6E0942711DE0B02800F770B7 /* LaunchScreen.storyboard in Resources */,
				6E09426E1DE0B02800F770B7 /* Assets.xcassets in Resources */,
				6E0942691DE0B02800F770B7 /* Main.storyboard in Resources */,
			);
			runOnlyForDeploymentPostprocessing = 0;
		};
/* End PBXResourcesBuildPhase section */

/* Begin PBXSourcesBuildPhase section */
		6E09425C1DE0B02800F770B7 /* Sources */ = {
			isa = PBXSourcesBuildPhase;
			buildActionMask = 2147483647;
			files = (
				6EDF311E1DE0FB4500071BF9 /* DetailViewController.swift in Sources */,
				6E09427F1DE0BFB100F770B7 /* Constants.swift in Sources */,
				6E0942661DE0B02800F770B7 /* LoadViewController.swift in Sources */,
				6E09426C1DE0B02800F770B7 /* JPMC_BranchLocator.xcdatamodeld in Sources */,
				6E0942641DE0B02800F770B7 /* AppDelegate.swift in Sources */,
				6E0942851DE0CD2500F770B7 /* AnnotationModel.swift in Sources */,
				6E09427B1DE0B7CE00F770B7 /* MapViewController.swift in Sources */,
				6E0942831DE0CD1000F770B7 /* LocationModel.swift in Sources */,
			);
			runOnlyForDeploymentPostprocessing = 0;
		};
/* End PBXSourcesBuildPhase section */

/* Begin PBXVariantGroup section */
		6E0942671DE0B02800F770B7 /* Main.storyboard */ = {
			isa = PBXVariantGroup;
			children = (
				6E0942681DE0B02800F770B7 /* Base */,
			);
			name = Main.storyboard;
			sourceTree = "<group>";
		};
		6E09426F1DE0B02800F770B7 /* LaunchScreen.storyboard */ = {
			isa = PBXVariantGroup;
			children = (
				6E0942701DE0B02800F770B7 /* Base */,
			);
			name = LaunchScreen.storyboard;
			sourceTree = "<group>";
		};
/* End PBXVariantGroup section */

/* Begin XCBuildConfiguration section */
		6E0942731DE0B02800F770B7 /* Debug */ = {
			isa = XCBuildConfiguration;
			buildSettings = {
				ALWAYS_SEARCH_USER_PATHS = NO;
				CLANG_ANALYZER_NONNULL = YES;
				CLANG_CXX_LANGUAGE_STANDARD = "gnu++0x";
				CLANG_CXX_LIBRARY = "libc++";
				CLANG_ENABLE_MODULES = YES;
				CLANG_ENABLE_OBJC_ARC = YES;
				CLANG_WARN_BOOL_CONVERSION = YES;
				CLANG_WARN_CONSTANT_CONVERSION = YES;
				CLANG_WARN_DIRECT_OBJC_ISA_USAGE = YES_ERROR;
				CLANG_WARN_DOCUMENTATION_COMMENTS = YES;
				CLANG_WARN_EMPTY_BODY = YES;
				CLANG_WARN_ENUM_CONVERSION = YES;
				CLANG_WARN_INFINITE_RECURSION = YES;
				CLANG_WARN_INT_CONVERSION = YES;
				CLANG_WARN_OBJC_ROOT_CLASS = YES_ERROR;
				CLANG_WARN_SUSPICIOUS_MOVES = YES;
				CLANG_WARN_UNREACHABLE_CODE = YES;
				CLANG_WARN__DUPLICATE_METHOD_MATCH = YES;
				"CODE_SIGN_IDENTITY[sdk=iphoneos*]" = "iPhone Developer";
				COPY_PHASE_STRIP = NO;
				DEBUG_INFORMATION_FORMAT = dwarf;
				ENABLE_STRICT_OBJC_MSGSEND = YES;
				ENABLE_TESTABILITY = YES;
				GCC_C_LANGUAGE_STANDARD = gnu99;
				GCC_DYNAMIC_NO_PIC = NO;
				GCC_NO_COMMON_BLOCKS = YES;
				GCC_OPTIMIZATION_LEVEL = 0;
				GCC_PREPROCESSOR_DEFINITIONS = (
					"DEBUG=1",
					"$(inherited)",
				);
				GCC_WARN_64_TO_32_BIT_CONVERSION = YES;
				GCC_WARN_ABOUT_RETURN_TYPE = YES_ERROR;
				GCC_WARN_UNDECLARED_SELECTOR = YES;
				GCC_WARN_UNINITIALIZED_AUTOS = YES_AGGRESSIVE;
				GCC_WARN_UNUSED_FUNCTION = YES;
				GCC_WARN_UNUSED_VARIABLE = YES;
				IPHONEOS_DEPLOYMENT_TARGET = 10.0;
				MTL_ENABLE_DEBUG_INFO = YES;
				ONLY_ACTIVE_ARCH = YES;
				SDKROOT = iphoneos;
				SWIFT_ACTIVE_COMPILATION_CONDITIONS = DEBUG;
				SWIFT_OPTIMIZATION_LEVEL = "-Onone";
				TARGETED_DEVICE_FAMILY = "1,2";
			};
			name = Debug;
		};
		6E0942741DE0B02800F770B7 /* Release */ = {
			isa = XCBuildConfiguration;
			buildSettings = {
				ALWAYS_SEARCH_USER_PATHS = NO;
				CLANG_ANALYZER_NONNULL = YES;
				CLANG_CXX_LANGUAGE_STANDARD = "gnu++0x";
				CLANG_CXX_LIBRARY = "libc++";
				CLANG_ENABLE_MODULES = YES;
				CLANG_ENABLE_OBJC_ARC = YES;
				CLANG_WARN_BOOL_CONVERSION = YES;
				CLANG_WARN_CONSTANT_CONVERSION = YES;
				CLANG_WARN_DIRECT_OBJC_ISA_USAGE = YES_ERROR;
				CLANG_WARN_DOCUMENTATION_COMMENTS = YES;
				CLANG_WARN_EMPTY_BODY = YES;
				CLANG_WARN_ENUM_CONVERSION = YES;
				CLANG_WARN_INFINITE_RECURSION = YES;
				CLANG_WARN_INT_CONVERSION = YES;
				CLANG_WARN_OBJC_ROOT_CLASS = YES_ERROR;
				CLANG_WARN_SUSPICIOUS_MOVES = YES;
				CLANG_WARN_UNREACHABLE_CODE = YES;
				CLANG_WARN__DUPLICATE_METHOD_MATCH = YES;
				"CODE_SIGN_IDENTITY[sdk=iphoneos*]" = "iPhone Developer";
				COPY_PHASE_STRIP = NO;
				DEBUG_INFORMATION_FORMAT = "dwarf-with-dsym";
				ENABLE_NS_ASSERTIONS = NO;
				ENABLE_STRICT_OBJC_MSGSEND = YES;
				GCC_C_LANGUAGE_STANDARD = gnu99;
				GCC_NO_COMMON_BLOCKS = YES;
				GCC_WARN_64_TO_32_BIT_CONVERSION = YES;
				GCC_WARN_ABOUT_RETURN_TYPE = YES_ERROR;
				GCC_WARN_UNDECLARED_SELECTOR = YES;
				GCC_WARN_UNINITIALIZED_AUTOS = YES_AGGRESSIVE;
				GCC_WARN_UNUSED_FUNCTION = YES;
				GCC_WARN_UNUSED_VARIABLE = YES;
				IPHONEOS_DEPLOYMENT_TARGET = 10.0;
				MTL_ENABLE_DEBUG_INFO = NO;
				SDKROOT = iphoneos;
				SWIFT_OPTIMIZATION_LEVEL = "-Owholemodule";
				TARGETED_DEVICE_FAMILY = "1,2";
				VALIDATE_PRODUCT = YES;
			};
			name = Release;
		};
		6E0942761DE0B02800F770B7 /* Debug */ = {
			isa = XCBuildConfiguration;
			buildSettings = {
				ASSETCATALOG_COMPILER_APPICON_NAME = AppIcon;
				INFOPLIST_FILE = JPMC_BranchLocator/Info.plist;
				LD_RUNPATH_SEARCH_PATHS = "$(inherited) @executable_path/Frameworks";
				PRODUCT_BUNDLE_IDENTIFIER = "freescale.JPMC-BranchLocator";
				PRODUCT_NAME = "$(TARGET_NAME)";
				SWIFT_VERSION = 3.0;
			};
			name = Debug;
		};
		6E0942771DE0B02800F770B7 /* Release */ = {
			isa = XCBuildConfiguration;
			buildSettings = {
				ASSETCATALOG_COMPILER_APPICON_NAME = AppIcon;
				INFOPLIST_FILE = JPMC_BranchLocator/Info.plist;
				LD_RUNPATH_SEARCH_PATHS = "$(inherited) @executable_path/Frameworks";
				PRODUCT_BUNDLE_IDENTIFIER = "freescale.JPMC-BranchLocator";
				PRODUCT_NAME = "$(TARGET_NAME)";
				SWIFT_VERSION = 3.0;
			};
			name = Release;
		};
/* End XCBuildConfiguration section */

/* Begin XCConfigurationList section */
		6E09425B1DE0B02800F770B7 /* Build configuration list for PBXProject "JPMC_BranchLocator" */ = {
			isa = XCConfigurationList;
			buildConfigurations = (
				6E0942731DE0B02800F770B7 /* Debug */,
				6E0942741DE0B02800F770B7 /* Release */,
			);
			defaultConfigurationIsVisible = 0;
			defaultConfigurationName = Release;
		};
		6E0942751DE0B02800F770B7 /* Build configuration list for PBXNativeTarget "JPMC_BranchLocator" */ = {
			isa = XCConfigurationList;
			buildConfigurations = (
				6E0942761DE0B02800F770B7 /* Debug */,
				6E0942771DE0B02800F770B7 /* Release */,
			);
			defaultConfigurationIsVisible = 0;
			defaultConfigurationName = Release;
		};
/* End XCConfigurationList section */

/* Begin XCVersionGroup section */
		6E09426A1DE0B02800F770B7 /* JPMC_BranchLocator.xcdatamodeld */ = {
			isa = XCVersionGroup;
			children = (
				6E09426B1DE0B02800F770B7 /* JPMC_BranchLocator.xcdatamodel */,
			);
			currentVersion = 6E09426B1DE0B02800F770B7 /* JPMC_BranchLocator.xcdatamodel */;
			path = JPMC_BranchLocator.xcdatamodeld;
			sourceTree = "<group>";
			versionGroupType = wrapper.xcdatamodel;
		};
/* End XCVersionGroup section */
	};
	rootObject = 6E0942581DE0B02800F770B7 /* Project object */;
}
